
Microsoft Visual Studio Solution File, Format Version 12.00
# Visual Studio Version 16
VisualStudioVersion = 16.0.31005.135
MinimumVisualStudioVersion = 10.0.40219.1
Project("{8BC9CEB8-8B4A-11D0-8D11-00A0C91BC942}") = "PTSD-Core", "vsprojects\PTSD-Core\PTSD.vcxproj", "{CCE6C881-2767-4D8C-BA13-49A6C68C1E13}"
	ProjectSection(ProjectDependencies) = postProject
		{BF836B04-6F79-4B76-BB79-C598B92D2DDA} = {BF836B04-6F79-4B76-BB79-C598B92D2DDA}
	EndProjectSection
EndProject
Project("{8BC9CEB8-8B4A-11D0-8D11-00A0C91BC942}") = "PTSD-Logger", "vsprojects\PTSD-Logger\PTSD-Logger.vcxproj", "{41797280-A7AB-4696-AA4E-8DD149A8A789}"
EndProject
Project("{8BC9CEB8-8B4A-11D0-8D11-00A0C91BC942}") = "PTSD-Graphics", "vsprojects\PTSD-Graphics\PTSD-Graphics.vcxproj", "{0E45C6BC-8109-4A51-AB04-569D842C668E}"
EndProject
Global
	GlobalSection(SolutionConfigurationPlatforms) = preSolution
		Debug|x64 = Debug|x64
		Debug|x86 = Debug|x86
		Release|x64 = Release|x64
		Release|x86 = Release|x86
	EndGlobalSection
	GlobalSection(ProjectConfigurationPlatforms) = postSolution
		{CCE6C881-2767-4D8C-BA13-49A6C68C1E13}.Debug|x64.ActiveCfg = Debug|x64
		{CCE6C881-2767-4D8C-BA13-49A6C68C1E13}.Debug|x64.Build.0 = Debug|x64
		{CCE6C881-2767-4D8C-BA13-49A6C68C1E13}.Debug|x86.ActiveCfg = Debug|Win32
		{CCE6C881-2767-4D8C-BA13-49A6C68C1E13}.Debug|x86.Build.0 = Debug|Win32
		{CCE6C881-2767-4D8C-BA13-49A6C68C1E13}.Release|x64.ActiveCfg = Release|x64
		{CCE6C881-2767-4D8C-BA13-49A6C68C1E13}.Release|x64.Build.0 = Release|x64
		{CCE6C881-2767-4D8C-BA13-49A6C68C1E13}.Release|x86.ActiveCfg = Release|Win32
		{CCE6C881-2767-4D8C-BA13-49A6C68C1E13}.Release|x86.Build.0 = Release|Win32
		{41797280-A7AB-4696-AA4E-8DD149A8A789}.Debug|x64.ActiveCfg = Debug|x64
		{41797280-A7AB-4696-AA4E-8DD149A8A789}.Debug|x64.Build.0 = Debug|x64
		{41797280-A7AB-4696-AA4E-8DD149A8A789}.Debug|x86.ActiveCfg = Debug|Win32
		{41797280-A7AB-4696-AA4E-8DD149A8A789}.Debug|x86.Build.0 = Debug|Win32
		{41797280-A7AB-4696-AA4E-8DD149A8A789}.Release|x64.ActiveCfg = Release|x64
		{41797280-A7AB-4696-AA4E-8DD149A8A789}.Release|x64.Build.0 = Release|x64
		{41797280-A7AB-4696-AA4E-8DD149A8A789}.Release|x86.ActiveCfg = Release|Win32
		{41797280-A7AB-4696-AA4E-8DD149A8A789}.Release|x86.Build.0 = Release|Win32
		{0E45C6BC-8109-4A51-AB04-569D842C668E}.Debug|x64.ActiveCfg = Debug|x64
		{0E45C6BC-8109-4A51-AB04-569D842C668E}.Debug|x64.Build.0 = Debug|x64
		{0E45C6BC-8109-4A51-AB04-569D842C668E}.Debug|x86.ActiveCfg = Debug|Win32
		{0E45C6BC-8109-4A51-AB04-569D842C668E}.Debug|x86.Build.0 = Debug|Win32
		{0E45C6BC-8109-4A51-AB04-569D842C668E}.Release|x64.ActiveCfg = Release|x64
		{0E45C6BC-8109-4A51-AB04-569D842C668E}.Release|x64.Build.0 = Release|x64
		{0E45C6BC-8109-4A51-AB04-569D842C668E}.Release|x86.ActiveCfg = Release|Win32
		{0E45C6BC-8109-4A51-AB04-569D842C668E}.Release|x86.Build.0 = Release|Win32
	EndGlobalSection
	GlobalSection(SolutionProperties) = preSolution
		HideSolutionNode = FALSE
	EndGlobalSection
	GlobalSection(ExtensibilityGlobals) = postSolution
		SolutionGuid = {FA04C807-CBDE-43E2-BA5B-2EFF164BC2BA}
	EndGlobalSection
EndGlobal
